
Microsoft Visual Studio Solution File, Format Version 12.00
# Visual Studio Version 17
VisualStudioVersion = 17.14.36408.4 d17.14
MinimumVisualStudioVersion = 10.0.40219.1
Project("{FAE04EC0-301F-11D3-BF4B-00C04F79EFBC}") = "TopSaudeDashboard", "TopSaudeDashboard.csproj", "{9CAA3CBC-8A23-2F87-BB15-FCA1987DA603}"
EndProject
Global
	GlobalSection(SolutionConfigurationPlatforms) = preSolution
		Debug|Any CPU = Debug|Any CPU
		Release|Any CPU = Release|Any CPU
	EndGlobalSection
	GlobalSection(ProjectConfigurationPlatforms) = postSolution
		{9CAA3CBC-8A23-2F87-BB15-FCA1987DA603}.Debug|Any CPU.ActiveCfg = Debug|Any CPU
		{9CAA3CBC-8A23-2F87-BB15-FCA1987DA603}.Debug|Any CPU.Build.0 = Debug|Any CPU
		{9CAA3CBC-8A23-2F87-BB15-FCA1987DA603}.Release|Any CPU.ActiveCfg = Release|Any CPU
		{9CAA3CBC-8A23-2F87-BB15-FCA1987DA603}.Release|Any CPU.Build.0 = Release|Any CPU
	EndGlobalSection
	GlobalSection(SolutionProperties) = preSolution
		HideSolutionNode = FALSE
	EndGlobalSection
	GlobalSection(ExtensibilityGlobals) = postSolution
		SolutionGuid = {C06DEC69-7B0C-4F7F-8C33-572E602F83B0}
	EndGlobalSection
EndGlobal
